
Microsoft Visual Studio Solution File, Format Version 12.00
# Visual Studio 15
VisualStudioVersion = 15.0.28307.168
MinimumVisualStudioVersion = 10.0.40219.1
Project("{FAE04EC0-301F-11D3-BF4B-00C04F79EFBC}") = "JWTApi", "JWTApi\JWTApi.csproj", "{F8D2A610-70F7-475D-BC5F-144095392BC8}"
EndProject
Global
	GlobalSection(SolutionConfigurationPlatforms) = preSolution
		Debug|Any CPU = Debug|Any CPU
		Release|Any CPU = Release|Any CPU
	EndGlobalSection
	GlobalSection(ProjectConfigurationPlatforms) = postSolution
		{F8D2A610-70F7-475D-BC5F-144095392BC8}.Debug|Any CPU.ActiveCfg = Debug|Any CPU
		{F8D2A610-70F7-475D-BC5F-144095392BC8}.Debug|Any CPU.Build.0 = Debug|Any CPU
		{F8D2A610-70F7-475D-BC5F-144095392BC8}.Release|Any CPU.ActiveCfg = Release|Any CPU
		{F8D2A610-70F7-475D-BC5F-144095392BC8}.Release|Any CPU.Build.0 = Release|Any CPU
	EndGlobalSection
	GlobalSection(SolutionProperties) = preSolution
		HideSolutionNode = FALSE
	EndGlobalSection
	GlobalSection(ExtensibilityGlobals) = postSolution
		SolutionGuid = {2519AECA-65A4-483C-9774-F27AA46726C7}
	EndGlobalSection
EndGlobal
